{
    "_meta": {
        "hash": {
            "sha256": "80843ffba0e6018ff237af679482826f593cfbc265bbc406a907adb2d3091724"
        },
        "pipfile-spec": 6,
        "requires": {
            "python_version": "3.10"
        },
        "sources": [
            {
                "name": "pypi",
                "url": "https://pypi.org/simple",
                "verify_ssl": true
            }
        ]
    },
    "default": {
        "grpcio": {
            "hashes": [
                "sha256:050760fd29c8508844a720f06c5827bb00de8f5e02f58587eb21a4444ad706e5",
                "sha256:06d22e1d8645e37bc110f4c589cb22c283fd3de76523065f821d6e81de33f5d4",
                "sha256:0aa795198b28807d28570c0a5f07bb04d5facca7d3f27affa6ae247bbd7f312a",
                "sha256:0b85f4ebe6b56d2a512201bb0e5f192c273850d349b0a74ac889ab5d38959d16",
                "sha256:0c40f368541945bb664857ecd7400acb901053a1abbcf9f7896361b2cfa66798",
                "sha256:0c91d5b16eff3cbbe76b7a1eaaf3d91e7a954501e9d4f915554f87c470475c3d",
                "sha256:0fcb77f2d718c1e58cc04ef6d3b51e0fa3b26cf926446e86c7eba105727b6cd4",
                "sha256:153c5a7655022c3626ad70be3d4c2974cb0967f3670ee49ece8b45b7a139665f",
                "sha256:1bb78d052948d8272c820bb928753f16a614bb2c42fbf56ad56636991b427518",
                "sha256:1ec2937fd92b5b4598cbe65f7e57d66039f82b9e2b7f7a5f9149374057dde77d",
                "sha256:1ec9cbaec18d9597c718b1ed452e61748ac0b36ba350d558f9ded1a94cc15ec7",
                "sha256:222b0851e20c04900c63f60153503e918b08a5a0fad8198401c0b1be13c6815b",
                "sha256:266fa6209b68a537b2728bb2552f970e7e78c77fe43c6e9cbbe1f476e9e5c35f",
                "sha256:2e8e752ab5cc0a9c5b949808c000ca7586223be4f877b729f034b912364c3964",
                "sha256:352dbdf25495eef584c8de809db280582093bc3961d95a9d78f0dfb7274023a2",
                "sha256:36764a4ad9dc1eb891042fab51e8cdf7cc014ad82cee807c10796fb708455041",
                "sha256:38d665f44b980acdbb2f0e1abf67605ba1899f4d2443908df9ec8a6f26d2ed88",
                "sha256:3a6788b30aa8e6f207c417874effe3f79c2aa154e91e78e477c4825e8b431ce0",
                "sha256:437eeb16091d31498585d73b133b825dc80a8db43311e332c08facf820d36894",
                "sha256:494dcbade5606128cb9f530ce00331a90ecf5e7c5b243d373aebdb18e503c346",
                "sha256:50a6e43a9adc6938e2a16c9d9f8a2da9dd557ddd9284b73b07bd03d0e098d1e9",
                "sha256:53067c590ac3638ad0c04272f2a5e7e32a99fec8824c31b73bc3ef93160511fa",
                "sha256:55a2d5ae79cd0f68783fb6ec95509be23746e3c239290b2ee69c69a38daa961a",
                "sha256:55dfb9122973cc69520b23d39867726722cafb32e541435707dc10249a1bdbc6",
                "sha256:585147859ff4603798e92605db28f4a97c821c69908e7754c44771c27b239bbd",
                "sha256:597340a41ad4b619aaa5c9b94f7e6ba4067885386342ab0af039eda945c255cd",
                "sha256:678b649171f229fb16bda1a2473e820330aa3002500c4f9fd3a74b786578e90f",
                "sha256:68c95b1c1e3bf96ceadf98226e9dfe2bc92155ce352fa0ee32a1603040e61856",
                "sha256:6b365f37a9c9543a9e91c6b4103d68d38d5bcb9965b11d5092b3c157bd6a5ee7",
                "sha256:725e67c010f63ef17fc052b261004942763c0b18dcd84841e6578ddacf1f9d10",
                "sha256:78dcc025a144319b66df6d088bd0eda69e1719eb6ac6127884a36188f336df19",
                "sha256:7a9337ac4ce61c388e02019d27fa837496c4b7837cbbcec71b05934337e51531",
                "sha256:7ee5ee42bfae8238b66a275f9ebcf6f295724375f2fa6f3b52188008b6380faf",
                "sha256:7f89d6d0cd43170a80ebb4605cad54c7d462d21dc054f47688912e8bf08164af",
                "sha256:851194eec47755101962da423f575ea223c9dd7f487828fe5693920e8745227e",
                "sha256:9146e40378f551eed66c887332afc807fcce593c43c698e21266a4227d4e20d2",
                "sha256:91fbfc43f605c5ee015c9056d580a70dd35df78a7bad97e05426795ceacdb59f",
                "sha256:9880c323595d851292785966cadb6c708100b34b163cab114e3933f5773cba2d",
                "sha256:9dc4a02796394dd04de0b9673cb79a78901b90bb16bf99ed8cb528c61ed9372e",
                "sha256:b989e8b09489478c2d19fecc744a298930f40d8b27c3638afbfe84d22f36ce4e",
                "sha256:bb58e38a50baed9b21492c4b3f3263462e4e37270b7ea152fc10124b4bd1c318",
                "sha256:c2c39984e846bd5da45c5f7bcea8fafbe47c98e1ff2b6f40e57921b0c23a52d0",
                "sha256:c8cfc780b7a15e06253aae5f228e1e84c0d3c4daa90faf5bc26b751174da4bf9",
                "sha256:ca123db0813eef80625a4242a0c37563cb30a3edddebe5ee65373854cf187215",
                "sha256:cb6c5b075c2d092f81138646a755f0dad94e4622300ebef089f94e6308155d82",
                "sha256:dce15597ca11913b78e1203c042d5723e3ea7f59e7095a1abd0621be0e05b895",
                "sha256:eafbe3563f9cb378370a3fa87ef4870539cf158124721f3abee9f11cd8162460",
                "sha256:ee16e232e3d0974750ab5f4da0ab92b59d6473872690b5e40dcec9a22927f22e",
                "sha256:fa35ccd9501ffdd82b861809cbfc4b5b13f4b4c5dc3434d2d9170b9ed38a9054",
                "sha256:fb64dd62face3d687a7b56cd881e2ea39417af80f75e8b36f0f81dfd93071651",
                "sha256:ffc33e67cab6141c54e75d85acd5dec616c5095a957ff997b4330a6395aa9b51"
            ],
            "index": "pypi",
            "markers": "python_version >= '3.9'",
            "version": "==1.75.0"
        },
        "grpcio-tools": {
            "hashes": [
                "sha256:05087b1879b3f32a2182f1365e34233236c22e1a1e8cc448b5d29ea58d661846",
                "sha256:08cc1b8a1364a5b8f975e6a7273684d13630caab76c209a201464ad05f826eb9",
                "sha256:0a0c899175dd23e96f61b3ab8153642e0ae0182b9c9a582cd0cc4702a056d845",
                "sha256:0f4f31035a5178acd924a052b8954d5ac71319092b57e3711438ca6518b71017",
                "sha256:1241f8c65f2429f00d9e15e819aca2138c5aa571f0ac644ab658a0281dc177d9",
                "sha256:16a9597d1bd4143a71bfae341a32952a64c094a63d3d0bdd24b21fdc8b843846",
                "sha256:186c11fe9c8ef90b0862013b61876693644c952fda8fffef6ab0de0a83f90479",
                "sha256:193ce6aef33417849289cbb518402fe60c00d0fa66d68ea9a30c98cb8818280c",
                "sha256:26f1f3cedebe465f97b5aad312fb775a4bd53a0e88d08c4000e588c195519eca",
                "sha256:3072b10f4ad82739650aa9d667b536de8d4973083236215b7bf2389ba75bb507",
                "sha256:3351acef4b8897e99bdceae5cfcc300e1e5c1d88c0fc2ffc2b5ca1bd5ce4ced8",
                "sha256:35d4368794506db2b0acde60e7e2bae21255cc0d05db9ffc078510ab6a84ff4f",
                "sha256:39c6ff052960a3301cd920549384a2ad7cb3165c778feed601cae2a2131b63f8",
                "sha256:3ac8a663e955bf3188f76d93d7fdc656f346ff54ea7e512eb034374c6fd61b50",
                "sha256:3c30cb36ae1a4ed5fb1960f4bc0000548fecb9ff21a51d78a1f54e3424f971c0",
                "sha256:495ce168f996d4c42328e17b788d51d808fc585a80612fe70943c00ac16d0fca",
                "sha256:4d28cb03efb871a0ce13dc0fe1416c237ed6d70c42f19a64cef24aba88dd7c5f",
                "sha256:509ec0ce7c4269c2bea6015efcdcde00a5d55d97c88ad17587b4247cdc3d2fe8",
                "sha256:53c116d0d5df70845330eefb98ef4242ff09be264a22bc5e18f171a3047c9e66",
                "sha256:5c5465cd7b83c34f3c987a235fe3b04012411502d4bc66de5a34b238617ded4c",
                "sha256:5ca29b0ae735044c6a48072cf7bf53e34ce9ab03eec66acaf2173071d4f66d8a",
                "sha256:5e0c8d5d4bdce7f32e2fef3e2304cdca1fbb16a6469c7d3bce38884ee4c449d1",
                "sha256:60bd449814fe3cebeda11c0cda3a3adffd81941559aa254e6d153751baa0cffc",
                "sha256:688668666265a8f3e5eb86f73694e8adac2d2cc5f40c90249ce80bf6c6cec9ea",
                "sha256:69742254df93323275b7ee5ac017e3b9fdba8ecc6dca00bd6b2cd1c70c80a9c2",
                "sha256:6c3b8dbe8b2ad7df4ba661b5ee29ae8fe79d2715aade519847deaef26f5c1a06",
                "sha256:6ded12c79fb56ceae0ce60e653453159bfc2ccb044922b7e7d721de6c8e04506",
                "sha256:7154a35243a49704782b39e8780d9a0adb393a9cedba2ab65c352e94ff42fe8c",
                "sha256:82692be482cdcf7ac9b79563dbea99333835aaa3f5e7f0641689766b64b91543",
                "sha256:8707b63acb1e08c4031e959936af45487bc185a3fa1ae37fdac465e8ab311774",
                "sha256:899c46520446ad1935f5899729746b390e13085e9757d043401298b18fa37d99",
                "sha256:9083fe53cbe17b972d9ede47b1e6c82ec532a91770d41c790c4f9b39291041c3",
                "sha256:91e430e9368afc38e94645f744840ab06995cfb7312233623c5d7370f8c0dd7c",
                "sha256:93b297f77a3f9fe99ea30597e98fd62d3d40bc2520f3e6c6c12b202710a2581d",
                "sha256:990d183fee5a2ef9d4f3a220b6506f5da740271da175efcb7e4e34ebc3191a12",
                "sha256:9a620de24caa85b102d2416c3f679260d1d4103edcc2806d7dda43aad1913e01",
                "sha256:a07aa71ad96103b18bb84dc069dd139897356116d2aaa68d3df84d4d59701ae8",
                "sha256:a68a8dcbcbd1df33e7c08c2ceeb69ed8fd53e235784ac680dfe3fc1e89aac2ac",
                "sha256:aaec9c9b1cb0ff3823961e74b6cf0a1e6b0e7a82fa2fb0b2bc7b312978bd34f7",
                "sha256:b9f64ab078f1e8ea09ceb72c3f7a55b9cbec515fd20e804aea78491adf785503",
                "sha256:c2bad23bd0d43acd9d7032b6ffb04f5eb176d853cd32967eb2c4a39044c81cfe",
                "sha256:c42fc86ab55018ba5afe2aa95d6d34e2e763da06eff23c08bed487a556341071",
                "sha256:c49649d2b46a5a09419631adec105b05bcb016e5727c8f1b08ac8e16d9b0e3e0",
                "sha256:c944610bc009185f3da399030a2a8a9d550ae3246f93ad20ff63593fa883ddfb",
                "sha256:cdbccc5a4809ef9414b7c434dd1aabc94b66a01c01c13ecc1edba9f8f4277b44",
                "sha256:d1a224887f70981683dfcaacc253c08f3680b919c0b2353fbb57f89b27e1c9b9",
                "sha256:dcfb12654fb1d6ce84f4a55d3dfbc267a04d53dc9b52ee0974b2110d02f68dac",
                "sha256:eb5e4025034d92da3c81fd5e3468c33d5ae7571b07a72c385b5ec1746658573f",
                "sha256:ebdac7cc820459874f3b19eddddae19c0c7e7cdf228aee8e7567cec1fddb2ae3",
                "sha256:edefbb90bb7ddc4eadac3463d5f7084e1d43b1d713254f668dd55c25db5b5ef2",
                "sha256:fd038847974aeb883ee0f3b5b535d85618ad32789c15c9bf24af6c12a44f67f1"
            ],
            "index": "pypi",
            "markers": "python_version >= '3.9'",
            "version": "==1.75.0"
        },
        "protobuf": {
            "hashes": [
                "sha256:2601b779fc7d32a866c6b4404f9d42a3f67c5b9f3f15b4db3cccabe06b95c346",
                "sha256:2f5b80a49e1eb7b86d85fcd23fe92df154b9730a725c3b38c4e43b9d77018bf4",
                "sha256:68ff170bac18c8178f130d1ccb94700cf72852298e016a2443bdb9502279e5f1",
                "sha256:a8a32a84bc9f2aad712041b8b366190f71dde248926da517bde9e832e4412085",
                "sha256:b00a7d8c25fa471f16bc8153d0e53d6c9e827f0953f3c09aaa4331c718cae5e1",
                "sha256:b1864818300c297265c83a4982fd3169f97122c299f56a56e2445c3698d34710",
                "sha256:d0975d0b2f3e6957111aa3935d08a0eb7e006b1505d825f862a1fffc8348e122",
                "sha256:d8c7e6eb619ffdf105ee4ab76af5a68b60a9d0f66da3ea12d1640e6d8dab7281",
                "sha256:ee2469e4a021474ab9baafea6cd070e5bf27c7d29433504ddea1a4ee5850f68d"
            ],
            "markers": "python_version >= '3.9'",
            "version": "==6.32.1"
        },
        "scapy": {
            "editable": true,
            "git": "https://github.com/secdev/scapy.git",
            "markers": "python_version >= '3.7' and python_version < '4'",
            "ref": "befe516630aed0df69a30993e689cb69379985a1"
        },
        "setuptools": {
            "hashes": [
                "sha256:062d34222ad13e0cc312a4c02d73f059e86a4acbfbdea8f8f76b28c99f306922",
                "sha256:f36b47402ecde768dbfafc46e8e4207b4360c654f1f3bb84475f0a28628fb19c"
            ],
            "markers": "python_version >= '3.9'",
            "version": "==80.9.0"
        },
        "typing-extensions": {
            "hashes": [
                "sha256:0cea48d173cc12fa28ecabc3b837ea3cf6f38c6d1136f85cbaaf598984861466",
                "sha256:f0fa19c6845758ab08074a0cfa8b7aecb71c999ca73d62883bc25cc018c4e548"
            ],
            "markers": "python_version >= '3.9'",
            "version": "==4.15.0"
        }
    },
    "develop": {}
}
