{
    "_meta": {
        "hash": {
            "sha256": "a1f0991ff54716a969db8408cc74f0a009242a0807621e747372fc2fe6ebbe30"
        },
        "pipfile-spec": 6,
        "requires": {
            "python_version": "3.10"
        },
        "sources": [
            {
                "name": "pypi",
                "url": "https://pypi.org/simple",
                "verify_ssl": true
            }
        ]
    },
    "default": {
        "grpcio": {
            "hashes": [
                "sha256:0049a7bf547dafaeeb1db17079ce79596c298bfe308fc084d023c8907a845b9a",
                "sha256:030a6164bc2ca726052778c0cf8e3249617a34e368354f9e6107c27ad4af8c28",
                "sha256:06373a94fd16ec287116a825161dca179a0402d0c60674ceeec8c9fba344fe66",
                "sha256:07a554fa31c668cf0e7a188678ceeca3cb8fead29bbe455352e712ec33ca701c",
                "sha256:0ee119f4f88d9f75414217823d21d75bfe0e6ed40135b0cbbfc6376bc9f7757d",
                "sha256:1712b5890b22547dd29f3215c5788d8fc759ce6dd0b85a6ba6e2731f2d04c088",
                "sha256:259526a7159d39e2db40d566fe3e8f8e034d0fb2db5bf9c00e09aace655a4c2b",
                "sha256:2720c239c1180eee69f7883c1d4c83fc1a495a2535b5fa322887c70bf02b16e8",
                "sha256:3652516048bf4c314ce12be37423c79829f46efffb390ad64149a10c6071e8de",
                "sha256:36990d629c3c9fb41e546414e5af52d0a7af37ce7113d9682c46d7e2919e4cca",
                "sha256:3bed22e750d91d53d9e31e0af35a7b0b51367e974e14a4ff229db5b207647884",
                "sha256:3d86880ecaeb5b2f0a8afa63824de93adb8ebe4e49d0e51442532f4e08add7d6",
                "sha256:3e71a2105210366bfc398eef7f57a664df99194f3520edb88b9c3a7e46ee0d64",
                "sha256:3e81d89ece99b9ace23a6916880baca613c03a799925afb2857887efa8b1b3d2",
                "sha256:4484f4b7287bdaa7a5b3980f3c7224c3c622669405d20f69549f5fb956ad0421",
                "sha256:44b62345d8403975513af88da2f3d5cc76f73ca538ba46596f92a127c2aea945",
                "sha256:491444c081a54dcd5e6ada57314321ae526377f498d4aa09d975c3241c5b9e1c",
                "sha256:4b4c678e7ed50f8ae8b8dbad15a865ee73ce12668b6aaf411bf3258b5bc3f970",
                "sha256:4b7177a1cdb3c51b02b0c0a256b0a72fdab719600a693e0e9037949efffb200b",
                "sha256:4e1c28f51c1cf67eccdfc1065e8e866c9ed622f09773ca60947089c117f848a1",
                "sha256:52015cf73eb5d76f6404e0ce0505a69b51fd1f35810b3a01233b34b10baafb41",
                "sha256:5573f51e3f296a1bcf71e7a690c092845fb223072120f4bdb7a5b48e111def66",
                "sha256:573855ca2e58e35032aff30bfbd1ee103fbcf4472e4b28d4010757700918e326",
                "sha256:5a2acda37fc926ccc4547977ac3e56b1df48fe200de968e8c8421f6e3093df6c",
                "sha256:5b8ea230c7f77c0a1a3208a04a1eda164633fb0767b4cefd65a01079b65e5b1f",
                "sha256:5b8f381eadcd6ecaa143a21e9e80a26424c76a0a9b3d546febe6648f3a36a5ac",
                "sha256:5bf4001d3293e3414d0cf99ff9b1139106e57c3a66dfff0c5f60b2a6286ec133",
                "sha256:5cebe13088b9254f6e615bcf1da9131d46cfa4e88039454aca9cb65f639bd3bc",
                "sha256:61c692fb05956b17dd6d1ab480f7f10ad0536dba3bc8fd4e3c7263dc244ed772",
                "sha256:62ce42d9994446b307649cb2a23335fa8e927f7ab2cbf5fcb844d6acb4d85f9c",
                "sha256:664eecc3abe6d916fa6cf8dd6b778e62fb264a70f3430a3180995bf2da935446",
                "sha256:67697efef5a98d46d5db7b1720fa4043536f8b8e5072a5d61cfca762f287e939",
                "sha256:683cfc70be0c1383449097cba637317e4737a357cfc185d887fd984206380403",
                "sha256:6a4996a2c8accc37976dc142d5991adf60733e223e5c9a2219e157dc6a8fd3a2",
                "sha256:73577a93e692b3474b1bfe84285d098de36705dbd838bb4d6a056d326e4dc880",
                "sha256:745c5fe6bf05df6a04bf2d11552c7d867a2690759e7ab6b05c318a772739bd75",
                "sha256:7b888b33cd14085d86176b1628ad2fcbff94cfbbe7809465097aa0132e58b018",
                "sha256:7d4fa6ccc3ec2e68a04f7b883d354d7fea22a34c44ce535a2f0c0049cf626ddf",
                "sha256:7e21400b037be29545704889e72e586c238e346dcb2d08d8a7288d16c883a9ec",
                "sha256:8679aa8a5b67976776d3c6b0521e99d1c34db8a312a12bcfd78a7085cb9b604e",
                "sha256:8775036efe4ad2085975531d221535329f5dac99b6c2a854a995456098f99546",
                "sha256:8d04e101bba4b55cea9954e4aa71c24153ba6182481b487ff376da28d4ba46cf",
                "sha256:9f82ff474103e26351dacfe8d50214e7c9322960d8d07ba7fa1d05ff981c8b2d",
                "sha256:9fe51e4a1f896ea84ac750900eae34d9e9b896b5b1e4a30b02dc31ad29f36383",
                "sha256:a8041d2f9e8a742aeae96f4b047ee44e73619f4f9d24565e84d5446c623673b6",
                "sha256:aad1c774f4ebf0696a7f148a56d39a3432550612597331792528895258966dc0",
                "sha256:b10ad908118d38c2453ade7ff790e5bce36580c3742919007a2a78e3a1e521ca",
                "sha256:b1e191c5c465fa777d4cafbaacf0c01e0d5278022082c0abbd2ee1d6454ed94d",
                "sha256:b1ea1bbe77ecbc1be00af2769f4ae4a88ce93be57a4f3eebd91087898ed749f9",
                "sha256:bb658f703468d7fbb5dcc4037c65391b7dc34f808ac46ed9136c24fc5eeb041d",
                "sha256:c05da79068dd96723793bffc8d0e64c45f316248417515f28d22204d9dae51c7",
                "sha256:c09fba33327c3ac11b5c33dbdd8218eef8990d78f83b1656d628831812a8c0fb",
                "sha256:c12121e509b9f8b0914d10054d24120237d19e870b1cd82acbb8a9b9ddd198a3",
                "sha256:c32193fa08b2fbebf08fe08e84f8a0aad32d87c3ad42999c65e9449871b1c66e",
                "sha256:ce08d4e112d0d38487c2b631ec8723deac9bc404e9c7b1011426af50a79999e4",
                "sha256:cf2e760978dcce7ff7d465cbc7e276c3157eedc4c27aa6de7b594c7a295d3d61",
                "sha256:d6be2b5ee7bea656c954dcf6aa8093c6f0e6a3ef9945c99d99fcbfc88c5c0bfe",
                "sha256:e19e7dfa0d7ca7dea22be464339e18ac608fd75d88c56770c646cdabe54bc724",
                "sha256:e5b425aee54cc5e3e3c58f00731e8a33f5567965d478d516d35ef99fd648ab68",
                "sha256:f4b29b9aabe33fed5df0a85e5f13b09ff25e2c05bd5946d25270a8bd5682dac9",
                "sha256:f86e92275710bea3000cb79feca1762dc0ad3b27830dd1a74e82ab321d4ee464"
            ],
            "index": "pypi",
            "markers": "python_version >= '3.9'",
            "version": "==1.75.1"
        },
        "grpcio-reflection": {
            "hashes": [
                "sha256:17ef1504c9efd58662e56090379885e5f3f7985ce481cf30d6b1cb25f55ab0ae",
                "sha256:2be3f20b7b93e6e691a0bc761fd7e9996a940b4c96c68f6ca4f7fbc47c3f4b64"
            ],
            "index": "pypi",
            "markers": "python_version >= '3.9'",
            "version": "==1.75.1"
        },
        "grpcio-tools": {
            "hashes": [
                "sha256:004bc5327593eea48abd03be3188e757c3ca0039079587a6aac24275127cac20",
                "sha256:02b0c237882e45247570afdc34717ce80831184882186ef47afca9f8cac2f71c",
                "sha256:071339d90f1faab332ce4919c815a10b9c3ed2c09473f550f686bf9cc148579f",
                "sha256:08cb6e568e58b76a2178ad3b453845ff057131fff00f634d7e15dcd015cd455b",
                "sha256:09e2b9b9488735514777d44c1e4eda813122d2c87aad219f98d5d49b359a8eab",
                "sha256:0de3a82ee33d960f117ab66da51254cccd8bda9118d11ec3379f954cfbf6bc39",
                "sha256:0e6f916daf222002fb98f9a6f22de0751959e7e76a24941985cc8e43cea77b50",
                "sha256:14a78b1e36310cdb3516cdf9ee2726107875e0b247e2439d62fc8dc38cf793c1",
                "sha256:168402ad29a249092673079cf46266936ec2fb18d4f854d96e9c5fa5708efa39",
                "sha256:16d5986b37e2a9203f85e456c7ff8705b932718021d408adfe4a79e0f4d95949",
                "sha256:1849ddd508143eb48791e81d42ddc924c554d1b4900e06775a927573a8d4267f",
                "sha256:1b5810ace274dba12ecfac69ac32c8047c6ee0200a23274cb4885ed4187271f8",
                "sha256:1bd68fb98bf08f11b6c3210834a14eefe585bad959bdba38e78b4ae3b04ba5bd",
                "sha256:23952692160b5fe7900653dfdc9858dc78c2c42e15c27e19ee780c8917ba6028",
                "sha256:24a881ad7292e904fc256892b647da17d9137ef2e72faf8b7c8e515314ad1377",
                "sha256:2a59120f17d36de6e16a058d88f2fcd255bafaccb487fea0613860a5287f77c6",
                "sha256:38c6c7d5d4800f636ee691cd073db1606d1a6a76424ca75c9b709436c9c20439",
                "sha256:3fbac14998bfadc6b9140b6339dbc5f673700ebb4d45ba0c4d4fbe0ffb8559a9",
                "sha256:44195f58c052fa935b78c7438c85cbcd4b273dd685028e4f6d4d7b30d47daad1",
                "sha256:45503a6094f91b3fd31c3d9adef26ac514f102086e2a37de797e220a6791ee87",
                "sha256:4559547a0cb3d3db1b982eea87d4656036339b400f48127fef932210672fb59e",
                "sha256:4999ada9721ce2a0eae66bf7f2793bc6fe7a473eef4e38bb542d1e5c6d9f7d91",
                "sha256:49b68936cf212052eeafa50b824e17731b78d15016b235d36e0d32199000b14c",
                "sha256:49ce00fcc6facbbf52bf376e55b8e08810cecd03dab0b3a2986d73117c6f6ee4",
                "sha256:4cac693621043ef11d3ab2318e811d919779f8cd5011ba8e37f44c178c831d94",
                "sha256:55e60300e62b220fabe6f062fe69f143abaeff3335f79b22b56d86254f3c3c80",
                "sha256:626293296ef7e2d87ab1a80b81a55eef91883c65b59a97576099a28b9535100b",
                "sha256:626f6a61a8f141dde9a657775854d1c0d99509f9a2762b82aa401a635f6ec73d",
                "sha256:6744a14983f82e04cfd799ed779d06ee92035bb497f2d0fa84e81921a6c9c985",
                "sha256:6bf3742bd8f102630072ed317d1496f31c454cd85ad19d37a68bd85bf9d5f8b9",
                "sha256:71e95479aea868f8c8014d9dc4267f26ee75388a0d8a552e1648cfa0b53d24b4",
                "sha256:7cefe76fc35c825f0148d60d2294a527053d0f5dd6a60352419214a8c53223c9",
                "sha256:860fafdb85726029d646c99859ff7bdca5aae61b5ff038c3bd355fc1ec6b2764",
                "sha256:878c3b362264588c45eba57ce088755f8b2b54893d41cc4a68cdeea62996da5c",
                "sha256:8c1de31aefc0585d2f915a7cd0994d153547495b8d79c44c58048a3ede0b65be",
                "sha256:8e7f2c1a37a5c8db92c5cba4034c370598f7458b275606f7a2a114f8c25c0326",
                "sha256:9555db0d2eb22850b7e9a27c0476627d483c114fcdf40d29b03aef446f5e4c43",
                "sha256:9af65a310807d7f36a8f7cddea142fe97d6dffba74444f38870272f2e5a3a06b",
                "sha256:9fe87a926b65eb7f41f8738b6d03677cc43185ff77a9d9b201bdb2f673f3fa1e",
                "sha256:a08330f24e5cd7b39541882a95a8ba04ffb4df79e2984aa0cd01ed26dcdccf49",
                "sha256:a09cd5d267b296af67116fe098633ad770bc8c19831a5f3c896f65fad90c1064",
                "sha256:a35800ce3ecea4aaad511bc18daccd37b1560132694f30b606f2044f1242c9a0",
                "sha256:ab33993288b97b1180e092fa447a8ce00fbc8c59d67b23553245b88d14fe36bb",
                "sha256:ae0f04d5ec8b8e13476bf516a08fc1de4e58c6bf79f99123a6b964ca7d02c790",
                "sha256:b01b60b3de67be531a39fd869d7613fa8f178aff38c05e4d8bc2fc530fa58cb5",
                "sha256:b56e495844eb899de721eb77d9e077192bdeb40842f598481d32a8f6de3db124",
                "sha256:bb78960cf3d58941e1fec70cbdaccf255918beed13c34112a6915a6d8facebd1",
                "sha256:bbae11c29fcf450730f021bfc14b12279f2f985e2e493ccc2f133108728261db",
                "sha256:bd0c3fb40d89a1e24a41974e77c7331e80396ab7cde39bc396a13d6b5e2a750b",
                "sha256:becf8332f391abc62bf4eea488b63be063d76a7cf2ef00b2e36c617d9ee9216b",
                "sha256:ca9e116aab0ecf4365fc2980f2e8ae1b22273c3847328b9a8e05cbd14345b397",
                "sha256:dd13f0d87605eb34f8b8868e3ad9202b90e9e58417276db79c3298538d0d60e3",
                "sha256:dff4bcb4d16cf9ef745c1984394ed15187e6c23d73d71377377deaf443d11358",
                "sha256:eca28a90020fc1596f48cf51b02e56bc3d285f7f9ebaf0493144160d69c2cae7",
                "sha256:efaf95fcaa5d3ac1bcfe44ceed9e2512eb95b5c8c476569bdbbe2bee4b59c8a9",
                "sha256:f0635231feb70a9d551452829943a1a5fa651283e7a300aadc22df5ea5da696f",
                "sha256:f1496e21586193da62c3a73cd16f9c63c5b3efd68ff06dab96dbdfefa90d40bf",
                "sha256:f26028949474feb380460ce52d9d090d00023940c65236294a66c42ac5850e8b",
                "sha256:f281b594489184b1f9a337cdfed1fc1ddb8428f41c4b4023de81527e90b38e1e",
                "sha256:f61a8334ae38d4f98c744a732b89527e5af339d17180e25fff0676060f8709b7",
                "sha256:fff9d2297416eae8861e53154ccf70a19994e5935e6c8f58ebf431f81cbd8d12"
            ],
            "index": "pypi",
            "markers": "python_version >= '3.9'",
            "version": "==1.75.1"
        },
        "loguru": {
            "hashes": [
                "sha256:19480589e77d47b8d85b2c827ad95d49bf31b0dcde16593892eb51dd18706eb6",
                "sha256:31a33c10c8e1e10422bfd431aeb5d351c7cf7fa671e3c4df004162264b28220c"
            ],
            "index": "pypi",
            "markers": "python_version >= '3.5' and python_version < '4.0'",
            "version": "==0.7.3"
        },
        "protobuf": {
            "hashes": [
                "sha256:2601b779fc7d32a866c6b4404f9d42a3f67c5b9f3f15b4db3cccabe06b95c346",
                "sha256:2f5b80a49e1eb7b86d85fcd23fe92df154b9730a725c3b38c4e43b9d77018bf4",
                "sha256:68ff170bac18c8178f130d1ccb94700cf72852298e016a2443bdb9502279e5f1",
                "sha256:a8a32a84bc9f2aad712041b8b366190f71dde248926da517bde9e832e4412085",
                "sha256:b00a7d8c25fa471f16bc8153d0e53d6c9e827f0953f3c09aaa4331c718cae5e1",
                "sha256:b1864818300c297265c83a4982fd3169f97122c299f56a56e2445c3698d34710",
                "sha256:d0975d0b2f3e6957111aa3935d08a0eb7e006b1505d825f862a1fffc8348e122",
                "sha256:d8c7e6eb619ffdf105ee4ab76af5a68b60a9d0f66da3ea12d1640e6d8dab7281",
                "sha256:ee2469e4a021474ab9baafea6cd070e5bf27c7d29433504ddea1a4ee5850f68d"
            ],
            "markers": "python_version >= '3.9'",
            "version": "==6.32.1"
        },
        "scapy": {
            "hashes": [
                "sha256:7600d7e2383c853e5c3a6e05d37e17643beebf2b3e10d7914dffcc3bc3c6e6c5",
                "sha256:88a998572049b511a1f3e44f4aa7c62dd39c6ea2aa1bb58434f503956641789d"
            ],
            "index": "pypi",
            "markers": "python_version >= '3.7' and python_version < '4'",
            "version": "==2.6.1"
        },
        "setuptools": {
            "hashes": [
                "sha256:062d34222ad13e0cc312a4c02d73f059e86a4acbfbdea8f8f76b28c99f306922",
                "sha256:f36b47402ecde768dbfafc46e8e4207b4360c654f1f3bb84475f0a28628fb19c"
            ],
            "markers": "python_version >= '3.9'",
            "version": "==80.9.0"
        },
        "typing-extensions": {
            "hashes": [
                "sha256:0cea48d173cc12fa28ecabc3b837ea3cf6f38c6d1136f85cbaaf598984861466",
                "sha256:f0fa19c6845758ab08074a0cfa8b7aecb71c999ca73d62883bc25cc018c4e548"
            ],
            "markers": "python_version >= '3.9'",
            "version": "==4.15.0"
        }
    },
    "develop": {}
}
